
Microsoft Visual Studio Solution File, Format Version 12.00
# Visual Studio Version 17
VisualStudioVersion = 17.4.33213.308
MinimumVisualStudioVersion = 10.0.40219.1
Project("{9A19103F-16F7-4668-BE54-9A1E7A4F7556}") = "TestingBasics", "TestingBasics.csproj", "{56044BFE-F2CC-41CC-893F-A87621675156}"
EndProject
Project("{9A19103F-16F7-4668-BE54-9A1E7A4F7556}") = "TestingBasics.Test", "..\TestingBasics.Test\TestingBasics.Test.csproj", "{14378B15-28B5-41FB-A43B-B35059B1B1A0}"
EndProject
Global
	GlobalSection(SolutionConfigurationPlatforms) = preSolution
		Debug|Any CPU = Debug|Any CPU
		Release|Any CPU = Release|Any CPU
	EndGlobalSection
	GlobalSection(ProjectConfigurationPlatforms) = postSolution
		{56044BFE-F2CC-41CC-893F-A87621675156}.Debug|Any CPU.ActiveCfg = Debug|Any CPU
		{56044BFE-F2CC-41CC-893F-A87621675156}.Debug|Any CPU.Build.0 = Debug|Any CPU
		{56044BFE-F2CC-41CC-893F-A87621675156}.Release|Any CPU.ActiveCfg = Release|Any CPU
		{56044BFE-F2CC-41CC-893F-A87621675156}.Release|Any CPU.Build.0 = Release|Any CPU
		{14378B15-28B5-41FB-A43B-B35059B1B1A0}.Debug|Any CPU.ActiveCfg = Debug|Any CPU
		{14378B15-28B5-41FB-A43B-B35059B1B1A0}.Debug|Any CPU.Build.0 = Debug|Any CPU
		{14378B15-28B5-41FB-A43B-B35059B1B1A0}.Release|Any CPU.ActiveCfg = Release|Any CPU
		{14378B15-28B5-41FB-A43B-B35059B1B1A0}.Release|Any CPU.Build.0 = Release|Any CPU
	EndGlobalSection
	GlobalSection(SolutionProperties) = preSolution
		HideSolutionNode = FALSE
	EndGlobalSection
	GlobalSection(ExtensibilityGlobals) = postSolution
		SolutionGuid = {9535AC76-117B-474F-A3BC-40C304B51491}
	EndGlobalSection
EndGlobal
